
Microsoft Visual Studio Solution File, Format Version 12.00
# Visual Studio Version 16
VisualStudioVersion = 16.0.31410.357
MinimumVisualStudioVersion = 10.0.40219.1
Project("{FAE04EC0-301F-11D3-BF4B-00C04F79EFBC}") = "ApiPruebaTecMonolegal", "ApiPruebaTecMonolegal.csproj", "{699E9A0E-3EF8-4A14-8659-65F0EAAD3556}"
EndProject
Project("{FAE04EC0-301F-11D3-BF4B-00C04F79EFBC}") = "ApiPruebaMonolegalTests", "..\ApiPruebaMonolegalTests\ApiPruebaMonolegalTests.csproj", "{B42AD008-5529-4897-88E1-56BFF34D0E03}"
EndProject
Global
	GlobalSection(SolutionConfigurationPlatforms) = preSolution
		Debug|Any CPU = Debug|Any CPU
		Release|Any CPU = Release|Any CPU
	EndGlobalSection
	GlobalSection(ProjectConfigurationPlatforms) = postSolution
		{699E9A0E-3EF8-4A14-8659-65F0EAAD3556}.Debug|Any CPU.ActiveCfg = Debug|Any CPU
		{699E9A0E-3EF8-4A14-8659-65F0EAAD3556}.Debug|Any CPU.Build.0 = Debug|Any CPU
		{699E9A0E-3EF8-4A14-8659-65F0EAAD3556}.Release|Any CPU.ActiveCfg = Release|Any CPU
		{699E9A0E-3EF8-4A14-8659-65F0EAAD3556}.Release|Any CPU.Build.0 = Release|Any CPU
		{B42AD008-5529-4897-88E1-56BFF34D0E03}.Debug|Any CPU.ActiveCfg = Debug|Any CPU
		{B42AD008-5529-4897-88E1-56BFF34D0E03}.Debug|Any CPU.Build.0 = Debug|Any CPU
		{B42AD008-5529-4897-88E1-56BFF34D0E03}.Release|Any CPU.ActiveCfg = Release|Any CPU
		{B42AD008-5529-4897-88E1-56BFF34D0E03}.Release|Any CPU.Build.0 = Release|Any CPU
	EndGlobalSection
	GlobalSection(SolutionProperties) = preSolution
		HideSolutionNode = FALSE
	EndGlobalSection
	GlobalSection(ExtensibilityGlobals) = postSolution
		SolutionGuid = {4BAB324B-DDB7-4FF8-882F-4F42C4CECD4C}
	EndGlobalSection
EndGlobal
